{
  "name": "simple-webcomponent-elix",
  "version": "1.0.0",
  "lockfileVersion": 1,
  "requires": true,
  "dependencies": {
    "elix": {
      "version": "1.0.0",
      "resolved": "https://registry.npmjs.org/elix/-/elix-1.0.0.tgz",
      "integrity": "sha512-lqbklSCMaBJPRuP8fCfMqtxCOiuzZfeqVejolJiy5lfFbrpGDkg3/2ShzUYaGRu7b2yMva7MR7RTYePKP4C2TA=="
    }
  }
}
